
Microsoft Visual Studio Solution File, Format Version 12.00
# Visual Studio 15
VisualStudioVersion = 15.0.28307.489
MinimumVisualStudioVersion = 10.0.40219.1
Project("{FAE04EC0-301F-11D3-BF4B-00C04F79EFBC}") = "Custs.Model.Common", "Custs.Model.Common\Custs.Model.Common.csproj", "{44B205A9-97A1-42C7-B72E-56B98078A46B}"
EndProject
Project("{FAE04EC0-301F-11D3-BF4B-00C04F79EFBC}") = "Custs.Model", "Custs.Model\Custs.Model.csproj", "{3E0D76A6-930D-4726-AFAE-19478F5B6CF8}"
	ProjectSection(ProjectDependencies) = postProject
		{44B205A9-97A1-42C7-B72E-56B98078A46B} = {44B205A9-97A1-42C7-B72E-56B98078A46B}
	EndProjectSection
EndProject
Project("{FAE04EC0-301F-11D3-BF4B-00C04F79EFBC}") = "DummyMainTester", "DummyMainTester\DummyMainTester.csproj", "{D335534D-1494-4CBE-952D-07A49FD80720}"
EndProject
Global
	GlobalSection(SolutionConfigurationPlatforms) = preSolution
		Debug|Any CPU = Debug|Any CPU
		Release|Any CPU = Release|Any CPU
	EndGlobalSection
	GlobalSection(ProjectConfigurationPlatforms) = postSolution
		{44B205A9-97A1-42C7-B72E-56B98078A46B}.Debug|Any CPU.ActiveCfg = Debug|Any CPU
		{44B205A9-97A1-42C7-B72E-56B98078A46B}.Debug|Any CPU.Build.0 = Debug|Any CPU
		{44B205A9-97A1-42C7-B72E-56B98078A46B}.Release|Any CPU.ActiveCfg = Release|Any CPU
		{44B205A9-97A1-42C7-B72E-56B98078A46B}.Release|Any CPU.Build.0 = Release|Any CPU
		{3E0D76A6-930D-4726-AFAE-19478F5B6CF8}.Debug|Any CPU.ActiveCfg = Debug|Any CPU
		{3E0D76A6-930D-4726-AFAE-19478F5B6CF8}.Debug|Any CPU.Build.0 = Debug|Any CPU
		{3E0D76A6-930D-4726-AFAE-19478F5B6CF8}.Release|Any CPU.ActiveCfg = Release|Any CPU
		{3E0D76A6-930D-4726-AFAE-19478F5B6CF8}.Release|Any CPU.Build.0 = Release|Any CPU
		{D335534D-1494-4CBE-952D-07A49FD80720}.Debug|Any CPU.ActiveCfg = Debug|Any CPU
		{D335534D-1494-4CBE-952D-07A49FD80720}.Debug|Any CPU.Build.0 = Debug|Any CPU
		{D335534D-1494-4CBE-952D-07A49FD80720}.Release|Any CPU.ActiveCfg = Release|Any CPU
		{D335534D-1494-4CBE-952D-07A49FD80720}.Release|Any CPU.Build.0 = Release|Any CPU
	EndGlobalSection
	GlobalSection(SolutionProperties) = preSolution
		HideSolutionNode = FALSE
	EndGlobalSection
	GlobalSection(ExtensibilityGlobals) = postSolution
		SolutionGuid = {3BD81DB3-4419-4BA9-B427-E2D965C102C9}
	EndGlobalSection
EndGlobal
